{
  "name": "Reet",
  "version": "1.0.0",
  "description": "Your package description",
  "main": "index.js",
  "scripts": {
    "test": "echo \"Error: no test specified\" && exit 1"
  },
  "author": "Your Name",
  "license": "ISC",
  "repository": {
    "type": "git",
    "url": "https://github.com/flechemano/reet.git"
  },
  "dependencies": {
    "express": "^4.17.1",
    "lodash": "^4.17.21"
  }
}
